
Microsoft Visual Studio Solution File, Format Version 12.00
# Visual Studio Version 17
VisualStudioVersion = 17.7.34202.233
MinimumVisualStudioVersion = 10.0.40219.1
Project("{9A19103F-16F7-4668-BE54-9A1E7A4F7556}") = "FirstApp", "FirstApp\FirstApp.csproj", "{FFEFF872-EAD0-4F78-80B1-A9944B05C351}"
EndProject
Project("{9A19103F-16F7-4668-BE54-9A1E7A4F7556}") = "secondapp", "secondapp\secondapp.csproj", "{50EB7923-3B70-499E-A827-B9C9C5D6532E}"
EndProject
Project("{9A19103F-16F7-4668-BE54-9A1E7A4F7556}") = "winApp", "winApp\winApp.csproj", "{F08AD1BD-B056-4D92-9D6C-EED0E168DB79}"
EndProject
Project("{9A19103F-16F7-4668-BE54-9A1E7A4F7556}") = "mywebapp", "mywebapp\mywebapp.csproj", "{65900CFD-3EC7-4133-A628-7CF914921AB0}"
EndProject
Project("{9A19103F-16F7-4668-BE54-9A1E7A4F7556}") = "classlib", "classlib\classlib.csproj", "{A9C4C01B-9424-4DD8-9366-25479371477B}"
EndProject
Project("{2150E333-8FDC-42A3-9474-1A3956D46DE8}") = "EmpSystem", "EmpSystem", "{57B1091B-0774-4940-9AA6-539A932B68AD}"
EndProject
Project("{9A19103F-16F7-4668-BE54-9A1E7A4F7556}") = "EmpLib", "EmpLib\EmpLib.csproj", "{B334F24C-B689-41E3-AC49-73B04C01A14F}"
EndProject
Project("{9A19103F-16F7-4668-BE54-9A1E7A4F7556}") = "EmpConsole", "EmpConsole\EmpConsole.csproj", "{8DC235F2-BF10-4511-96FB-4DD2413B78FD}"
EndProject
Project("{2150E333-8FDC-42A3-9474-1A3956D46DE8}") = "ShapeManager", "ShapeManager", "{39D9AF72-2ACB-47AD-A35F-E51ED69C1FFC}"
EndProject
Project("{9A19103F-16F7-4668-BE54-9A1E7A4F7556}") = "ShapeLib", "ShapeLib\ShapeLib.csproj", "{812D4862-90F1-43AF-BEBE-9DEC54E27687}"
EndProject
Project("{9A19103F-16F7-4668-BE54-9A1E7A4F7556}") = "ShapeConsole", "ShapeConsole\ShapeConsole.csproj", "{34A7002B-27CB-4B42-9794-FFF589359146}"
EndProject
Project("{2150E333-8FDC-42A3-9474-1A3956D46DE8}") = "PL", "PL", "{238054DE-DE6C-41B3-A747-AE80910770F9}"
EndProject
Project("{2150E333-8FDC-42A3-9474-1A3956D46DE8}") = "BL", "BL", "{BBBB68F3-D492-49FB-B419-97B9233F4A13}"
EndProject
Project("{9A19103F-16F7-4668-BE54-9A1E7A4F7556}") = "Forms1", "Forms1\Forms1.csproj", "{DAE19AEA-6661-4B92-9E72-F7CC4FA213BE}"
EndProject
Project("{9A19103F-16F7-4668-BE54-9A1E7A4F7556}") = "Delegates", "Delegates\Delegates.csproj", "{42B7AEBE-1AD1-4EFA-9C5F-D674F6E2510F}"
EndProject
Project("{2150E333-8FDC-42A3-9474-1A3956D46DE8}") = "DAL", "DAL", "{6B7BEBB9-E7BB-4BE8-8CDC-E1F55B75B69C}"
EndProject
Project("{9A19103F-16F7-4668-BE54-9A1E7A4F7556}") = "TestDal", "TestDal\TestDal.csproj", "{F51EFE98-4C1C-4D75-A8B9-8BE8E7183446}"
EndProject
Project("{9A19103F-16F7-4668-BE54-9A1E7A4F7556}") = "LabDal", "LabDal\LabDal.csproj", "{1B67DF2D-53D8-4DB7-BD31-599825CACC3B}"
EndProject
Project("{9A19103F-16F7-4668-BE54-9A1E7A4F7556}") = "TestDbConsole", "TestDbConsole\TestDbConsole.csproj", "{BD01884B-2869-4119-B6E3-096F4044C752}"
EndProject
Project("{9A19103F-16F7-4668-BE54-9A1E7A4F7556}") = "DbFirstEF", "DbFirstEF\DbFirstEF.csproj", "{CCEAD645-1BDC-4736-9388-82594B3AD0C8}"
EndProject
Project("{9A19103F-16F7-4668-BE54-9A1E7A4F7556}") = "SampleWebApp", "SampleWebApp\SampleWebApp.csproj", "{DD4AE34D-4757-468F-927F-AB0C140604F9}"
EndProject
Project("{9A19103F-16F7-4668-BE54-9A1E7A4F7556}") = "EmpDal", "EmpDal\EmpDal.csproj", "{71B8F345-968F-4454-B4F3-1B60A1A924EB}"
EndProject
Project("{2150E333-8FDC-42A3-9474-1A3956D46DE8}") = "ProductTemplate", "ProductTemplate", "{F72B2554-5CB0-42F9-B8E1-22653EB26905}"
EndProject
Project("{9A19103F-16F7-4668-BE54-9A1E7A4F7556}") = "WebPL", "WebPL\WebPL.csproj", "{5BAAB0E7-09D1-441A-88EB-EBCC984513F5}"
EndProject
Project("{9A19103F-16F7-4668-BE54-9A1E7A4F7556}") = "BLLib1", "BLLib1\BLLib1.csproj", "{FEC628B0-FE26-4C19-ABD7-2445CDFD68A4}"
EndProject
Project("{9A19103F-16F7-4668-BE54-9A1E7A4F7556}") = "BLLib2", "BLLib2\BLLib2.csproj", "{4243652C-C7EE-4FE8-BD0D-CB27C1F75394}"
EndProject
Project("{9A19103F-16F7-4668-BE54-9A1E7A4F7556}") = "DalLib", "DalLib\DalLib.csproj", "{F3B9BD15-2BB3-4A53-8374-F166506B5A03}"
EndProject
Project("{9A19103F-16F7-4668-BE54-9A1E7A4F7556}") = "ServiceApi", "ServiceApi\ServiceApi.csproj", "{280FC180-FF78-4116-BF52-412D3FCC1794}"
EndProject
Project("{9A19103F-16F7-4668-BE54-9A1E7A4F7556}") = "MVCApp", "MVCApp\MVCApp.csproj", "{26DF1E00-76DC-430C-BE0D-9D59A9467EDB}"
EndProject
Project("{9A19103F-16F7-4668-BE54-9A1E7A4F7556}") = "FirstApi", "FirstApi\FirstApi.csproj", "{194C4E97-E557-4CDF-B5D7-B23E9722245A}"
EndProject
Project("{9A19103F-16F7-4668-BE54-9A1E7A4F7556}") = "DependencyInjection", "DependencyInjection\DependencyInjection.csproj", "{2821D528-1500-48E0-937A-6C7379B1BEE5}"
EndProject
Project("{9A19103F-16F7-4668-BE54-9A1E7A4F7556}") = "IndividualAuth", "IndividualAuth\IndividualAuth.csproj", "{2386ED16-9E39-486C-86F4-9EBA63BC922D}"
EndProject
Project("{9A19103F-16F7-4668-BE54-9A1E7A4F7556}") = "WindowsAuthApi", "WindowsAuthApi\WindowsAuthApi.csproj", "{0587B9A6-9BA8-413E-9ABD-C9F72D7FF525}"
EndProject
Project("{FAE04EC0-301F-11D3-BF4B-00C04F79EFBC}") = "JWTAuth", "JWTAuth\JWTAuth.csproj", "{33283836-D2E4-4938-80CF-358D7522F04A}"
EndProject
Project("{2150E333-8FDC-42A3-9474-1A3956D46DE8}") = "WebApiClients", "WebApiClients", "{9B83BB22-6A4B-4C23-9664-2AD3B1E7FC0F}"
EndProject
Project("{FAE04EC0-301F-11D3-BF4B-00C04F79EFBC}") = "ConsoleClient", "ConsoleClient\ConsoleClient.csproj", "{F417D407-4CC5-4036-9477-5CD49B4F9915}"
EndProject
Project("{FAE04EC0-301F-11D3-BF4B-00C04F79EFBC}") = "AsyncAwait", "AsyncAwait\AsyncAwait.csproj", "{DB332BD5-A074-46C5-BA48-02BFFD9D6B4A}"
EndProject
Global
	GlobalSection(SolutionConfigurationPlatforms) = preSolution
		Debug|Any CPU = Debug|Any CPU
		Release|Any CPU = Release|Any CPU
	EndGlobalSection
	GlobalSection(ProjectConfigurationPlatforms) = postSolution
		{FFEFF872-EAD0-4F78-80B1-A9944B05C351}.Debug|Any CPU.ActiveCfg = Debug|Any CPU
		{FFEFF872-EAD0-4F78-80B1-A9944B05C351}.Debug|Any CPU.Build.0 = Debug|Any CPU
		{FFEFF872-EAD0-4F78-80B1-A9944B05C351}.Release|Any CPU.ActiveCfg = Release|Any CPU
		{FFEFF872-EAD0-4F78-80B1-A9944B05C351}.Release|Any CPU.Build.0 = Release|Any CPU
		{50EB7923-3B70-499E-A827-B9C9C5D6532E}.Debug|Any CPU.ActiveCfg = Debug|Any CPU
		{50EB7923-3B70-499E-A827-B9C9C5D6532E}.Debug|Any CPU.Build.0 = Debug|Any CPU
		{50EB7923-3B70-499E-A827-B9C9C5D6532E}.Release|Any CPU.ActiveCfg = Release|Any CPU
		{50EB7923-3B70-499E-A827-B9C9C5D6532E}.Release|Any CPU.Build.0 = Release|Any CPU
		{F08AD1BD-B056-4D92-9D6C-EED0E168DB79}.Debug|Any CPU.ActiveCfg = Debug|Any CPU
		{F08AD1BD-B056-4D92-9D6C-EED0E168DB79}.Debug|Any CPU.Build.0 = Debug|Any CPU
		{F08AD1BD-B056-4D92-9D6C-EED0E168DB79}.Release|Any CPU.ActiveCfg = Release|Any CPU
		{F08AD1BD-B056-4D92-9D6C-EED0E168DB79}.Release|Any CPU.Build.0 = Release|Any CPU
		{65900CFD-3EC7-4133-A628-7CF914921AB0}.Debug|Any CPU.ActiveCfg = Debug|Any CPU
		{65900CFD-3EC7-4133-A628-7CF914921AB0}.Debug|Any CPU.Build.0 = Debug|Any CPU
		{65900CFD-3EC7-4133-A628-7CF914921AB0}.Release|Any CPU.ActiveCfg = Release|Any CPU
		{65900CFD-3EC7-4133-A628-7CF914921AB0}.Release|Any CPU.Build.0 = Release|Any CPU
		{A9C4C01B-9424-4DD8-9366-25479371477B}.Debug|Any CPU.ActiveCfg = Debug|Any CPU
		{A9C4C01B-9424-4DD8-9366-25479371477B}.Debug|Any CPU.Build.0 = Debug|Any CPU
		{A9C4C01B-9424-4DD8-9366-25479371477B}.Release|Any CPU.ActiveCfg = Release|Any CPU
		{A9C4C01B-9424-4DD8-9366-25479371477B}.Release|Any CPU.Build.0 = Release|Any CPU
		{B334F24C-B689-41E3-AC49-73B04C01A14F}.Debug|Any CPU.ActiveCfg = Debug|Any CPU
		{B334F24C-B689-41E3-AC49-73B04C01A14F}.Debug|Any CPU.Build.0 = Debug|Any CPU
		{B334F24C-B689-41E3-AC49-73B04C01A14F}.Release|Any CPU.ActiveCfg = Release|Any CPU
		{B334F24C-B689-41E3-AC49-73B04C01A14F}.Release|Any CPU.Build.0 = Release|Any CPU
		{8DC235F2-BF10-4511-96FB-4DD2413B78FD}.Debug|Any CPU.ActiveCfg = Debug|Any CPU
		{8DC235F2-BF10-4511-96FB-4DD2413B78FD}.Debug|Any CPU.Build.0 = Debug|Any CPU
		{8DC235F2-BF10-4511-96FB-4DD2413B78FD}.Release|Any CPU.ActiveCfg = Release|Any CPU
		{8DC235F2-BF10-4511-96FB-4DD2413B78FD}.Release|Any CPU.Build.0 = Release|Any CPU
		{812D4862-90F1-43AF-BEBE-9DEC54E27687}.Debug|Any CPU.ActiveCfg = Debug|Any CPU
		{812D4862-90F1-43AF-BEBE-9DEC54E27687}.Debug|Any CPU.Build.0 = Debug|Any CPU
		{812D4862-90F1-43AF-BEBE-9DEC54E27687}.Release|Any CPU.ActiveCfg = Release|Any CPU
		{812D4862-90F1-43AF-BEBE-9DEC54E27687}.Release|Any CPU.Build.0 = Release|Any CPU
		{34A7002B-27CB-4B42-9794-FFF589359146}.Debug|Any CPU.ActiveCfg = Debug|Any CPU
		{34A7002B-27CB-4B42-9794-FFF589359146}.Debug|Any CPU.Build.0 = Debug|Any CPU
		{34A7002B-27CB-4B42-9794-FFF589359146}.Release|Any CPU.ActiveCfg = Release|Any CPU
		{34A7002B-27CB-4B42-9794-FFF589359146}.Release|Any CPU.Build.0 = Release|Any CPU
		{DAE19AEA-6661-4B92-9E72-F7CC4FA213BE}.Debug|Any CPU.ActiveCfg = Debug|Any CPU
		{DAE19AEA-6661-4B92-9E72-F7CC4FA213BE}.Debug|Any CPU.Build.0 = Debug|Any CPU
		{DAE19AEA-6661-4B92-9E72-F7CC4FA213BE}.Release|Any CPU.ActiveCfg = Release|Any CPU
		{DAE19AEA-6661-4B92-9E72-F7CC4FA213BE}.Release|Any CPU.Build.0 = Release|Any CPU
		{42B7AEBE-1AD1-4EFA-9C5F-D674F6E2510F}.Debug|Any CPU.ActiveCfg = Debug|Any CPU
		{42B7AEBE-1AD1-4EFA-9C5F-D674F6E2510F}.Debug|Any CPU.Build.0 = Debug|Any CPU
		{42B7AEBE-1AD1-4EFA-9C5F-D674F6E2510F}.Release|Any CPU.ActiveCfg = Release|Any CPU
		{42B7AEBE-1AD1-4EFA-9C5F-D674F6E2510F}.Release|Any CPU.Build.0 = Release|Any CPU
		{F51EFE98-4C1C-4D75-A8B9-8BE8E7183446}.Debug|Any CPU.ActiveCfg = Debug|Any CPU
		{F51EFE98-4C1C-4D75-A8B9-8BE8E7183446}.Debug|Any CPU.Build.0 = Debug|Any CPU
		{F51EFE98-4C1C-4D75-A8B9-8BE8E7183446}.Release|Any CPU.ActiveCfg = Release|Any CPU
		{F51EFE98-4C1C-4D75-A8B9-8BE8E7183446}.Release|Any CPU.Build.0 = Release|Any CPU
		{1B67DF2D-53D8-4DB7-BD31-599825CACC3B}.Debug|Any CPU.ActiveCfg = Debug|Any CPU
		{1B67DF2D-53D8-4DB7-BD31-599825CACC3B}.Debug|Any CPU.Build.0 = Debug|Any CPU
		{1B67DF2D-53D8-4DB7-BD31-599825CACC3B}.Release|Any CPU.ActiveCfg = Release|Any CPU
		{1B67DF2D-53D8-4DB7-BD31-599825CACC3B}.Release|Any CPU.Build.0 = Release|Any CPU
		{BD01884B-2869-4119-B6E3-096F4044C752}.Debug|Any CPU.ActiveCfg = Debug|Any CPU
		{BD01884B-2869-4119-B6E3-096F4044C752}.Debug|Any CPU.Build.0 = Debug|Any CPU
		{BD01884B-2869-4119-B6E3-096F4044C752}.Release|Any CPU.ActiveCfg = Release|Any CPU
		{BD01884B-2869-4119-B6E3-096F4044C752}.Release|Any CPU.Build.0 = Release|Any CPU
		{CCEAD645-1BDC-4736-9388-82594B3AD0C8}.Debug|Any CPU.ActiveCfg = Debug|Any CPU
		{CCEAD645-1BDC-4736-9388-82594B3AD0C8}.Debug|Any CPU.Build.0 = Debug|Any CPU
		{CCEAD645-1BDC-4736-9388-82594B3AD0C8}.Release|Any CPU.ActiveCfg = Release|Any CPU
		{CCEAD645-1BDC-4736-9388-82594B3AD0C8}.Release|Any CPU.Build.0 = Release|Any CPU
		{DD4AE34D-4757-468F-927F-AB0C140604F9}.Debug|Any CPU.ActiveCfg = Debug|Any CPU
		{DD4AE34D-4757-468F-927F-AB0C140604F9}.Debug|Any CPU.Build.0 = Debug|Any CPU
		{DD4AE34D-4757-468F-927F-AB0C140604F9}.Release|Any CPU.ActiveCfg = Release|Any CPU
		{DD4AE34D-4757-468F-927F-AB0C140604F9}.Release|Any CPU.Build.0 = Release|Any CPU
		{71B8F345-968F-4454-B4F3-1B60A1A924EB}.Debug|Any CPU.ActiveCfg = Debug|Any CPU
		{71B8F345-968F-4454-B4F3-1B60A1A924EB}.Debug|Any CPU.Build.0 = Debug|Any CPU
		{71B8F345-968F-4454-B4F3-1B60A1A924EB}.Release|Any CPU.ActiveCfg = Release|Any CPU
		{71B8F345-968F-4454-B4F3-1B60A1A924EB}.Release|Any CPU.Build.0 = Release|Any CPU
		{5BAAB0E7-09D1-441A-88EB-EBCC984513F5}.Debug|Any CPU.ActiveCfg = Debug|Any CPU
		{5BAAB0E7-09D1-441A-88EB-EBCC984513F5}.Debug|Any CPU.Build.0 = Debug|Any CPU
		{5BAAB0E7-09D1-441A-88EB-EBCC984513F5}.Release|Any CPU.ActiveCfg = Release|Any CPU
		{5BAAB0E7-09D1-441A-88EB-EBCC984513F5}.Release|Any CPU.Build.0 = Release|Any CPU
		{FEC628B0-FE26-4C19-ABD7-2445CDFD68A4}.Debug|Any CPU.ActiveCfg = Debug|Any CPU
		{FEC628B0-FE26-4C19-ABD7-2445CDFD68A4}.Debug|Any CPU.Build.0 = Debug|Any CPU
		{FEC628B0-FE26-4C19-ABD7-2445CDFD68A4}.Release|Any CPU.ActiveCfg = Release|Any CPU
		{FEC628B0-FE26-4C19-ABD7-2445CDFD68A4}.Release|Any CPU.Build.0 = Release|Any CPU
		{4243652C-C7EE-4FE8-BD0D-CB27C1F75394}.Debug|Any CPU.ActiveCfg = Debug|Any CPU
		{4243652C-C7EE-4FE8-BD0D-CB27C1F75394}.Debug|Any CPU.Build.0 = Debug|Any CPU
		{4243652C-C7EE-4FE8-BD0D-CB27C1F75394}.Release|Any CPU.ActiveCfg = Release|Any CPU
		{4243652C-C7EE-4FE8-BD0D-CB27C1F75394}.Release|Any CPU.Build.0 = Release|Any CPU
		{F3B9BD15-2BB3-4A53-8374-F166506B5A03}.Debug|Any CPU.ActiveCfg = Debug|Any CPU
		{F3B9BD15-2BB3-4A53-8374-F166506B5A03}.Debug|Any CPU.Build.0 = Debug|Any CPU
		{F3B9BD15-2BB3-4A53-8374-F166506B5A03}.Release|Any CPU.ActiveCfg = Release|Any CPU
		{F3B9BD15-2BB3-4A53-8374-F166506B5A03}.Release|Any CPU.Build.0 = Release|Any CPU
		{280FC180-FF78-4116-BF52-412D3FCC1794}.Debug|Any CPU.ActiveCfg = Debug|Any CPU
		{280FC180-FF78-4116-BF52-412D3FCC1794}.Debug|Any CPU.Build.0 = Debug|Any CPU
		{280FC180-FF78-4116-BF52-412D3FCC1794}.Release|Any CPU.ActiveCfg = Release|Any CPU
		{280FC180-FF78-4116-BF52-412D3FCC1794}.Release|Any CPU.Build.0 = Release|Any CPU
		{26DF1E00-76DC-430C-BE0D-9D59A9467EDB}.Debug|Any CPU.ActiveCfg = Debug|Any CPU
		{26DF1E00-76DC-430C-BE0D-9D59A9467EDB}.Debug|Any CPU.Build.0 = Debug|Any CPU
		{26DF1E00-76DC-430C-BE0D-9D59A9467EDB}.Release|Any CPU.ActiveCfg = Release|Any CPU
		{26DF1E00-76DC-430C-BE0D-9D59A9467EDB}.Release|Any CPU.Build.0 = Release|Any CPU
		{194C4E97-E557-4CDF-B5D7-B23E9722245A}.Debug|Any CPU.ActiveCfg = Debug|Any CPU
		{194C4E97-E557-4CDF-B5D7-B23E9722245A}.Debug|Any CPU.Build.0 = Debug|Any CPU
		{194C4E97-E557-4CDF-B5D7-B23E9722245A}.Release|Any CPU.ActiveCfg = Release|Any CPU
		{194C4E97-E557-4CDF-B5D7-B23E9722245A}.Release|Any CPU.Build.0 = Release|Any CPU
		{2821D528-1500-48E0-937A-6C7379B1BEE5}.Debug|Any CPU.ActiveCfg = Debug|Any CPU
		{2821D528-1500-48E0-937A-6C7379B1BEE5}.Debug|Any CPU.Build.0 = Debug|Any CPU
		{2821D528-1500-48E0-937A-6C7379B1BEE5}.Release|Any CPU.ActiveCfg = Release|Any CPU
		{2821D528-1500-48E0-937A-6C7379B1BEE5}.Release|Any CPU.Build.0 = Release|Any CPU
		{2386ED16-9E39-486C-86F4-9EBA63BC922D}.Debug|Any CPU.ActiveCfg = Debug|Any CPU
		{2386ED16-9E39-486C-86F4-9EBA63BC922D}.Debug|Any CPU.Build.0 = Debug|Any CPU
		{2386ED16-9E39-486C-86F4-9EBA63BC922D}.Release|Any CPU.ActiveCfg = Release|Any CPU
		{2386ED16-9E39-486C-86F4-9EBA63BC922D}.Release|Any CPU.Build.0 = Release|Any CPU
		{0587B9A6-9BA8-413E-9ABD-C9F72D7FF525}.Debug|Any CPU.ActiveCfg = Debug|Any CPU
		{0587B9A6-9BA8-413E-9ABD-C9F72D7FF525}.Debug|Any CPU.Build.0 = Debug|Any CPU
		{0587B9A6-9BA8-413E-9ABD-C9F72D7FF525}.Release|Any CPU.ActiveCfg = Release|Any CPU
		{0587B9A6-9BA8-413E-9ABD-C9F72D7FF525}.Release|Any CPU.Build.0 = Release|Any CPU
		{33283836-D2E4-4938-80CF-358D7522F04A}.Debug|Any CPU.ActiveCfg = Debug|Any CPU
		{33283836-D2E4-4938-80CF-358D7522F04A}.Debug|Any CPU.Build.0 = Debug|Any CPU
		{33283836-D2E4-4938-80CF-358D7522F04A}.Release|Any CPU.ActiveCfg = Release|Any CPU
		{33283836-D2E4-4938-80CF-358D7522F04A}.Release|Any CPU.Build.0 = Release|Any CPU
		{F417D407-4CC5-4036-9477-5CD49B4F9915}.Debug|Any CPU.ActiveCfg = Debug|Any CPU
		{F417D407-4CC5-4036-9477-5CD49B4F9915}.Debug|Any CPU.Build.0 = Debug|Any CPU
		{F417D407-4CC5-4036-9477-5CD49B4F9915}.Release|Any CPU.ActiveCfg = Release|Any CPU
		{F417D407-4CC5-4036-9477-5CD49B4F9915}.Release|Any CPU.Build.0 = Release|Any CPU
		{DB332BD5-A074-46C5-BA48-02BFFD9D6B4A}.Debug|Any CPU.ActiveCfg = Debug|Any CPU
		{DB332BD5-A074-46C5-BA48-02BFFD9D6B4A}.Debug|Any CPU.Build.0 = Debug|Any CPU
		{DB332BD5-A074-46C5-BA48-02BFFD9D6B4A}.Release|Any CPU.ActiveCfg = Release|Any CPU
		{DB332BD5-A074-46C5-BA48-02BFFD9D6B4A}.Release|Any CPU.Build.0 = Release|Any CPU
	EndGlobalSection
	GlobalSection(SolutionProperties) = preSolution
		HideSolutionNode = FALSE
	EndGlobalSection
	GlobalSection(NestedProjects) = preSolution
		{B334F24C-B689-41E3-AC49-73B04C01A14F} = {BBBB68F3-D492-49FB-B419-97B9233F4A13}
		{8DC235F2-BF10-4511-96FB-4DD2413B78FD} = {238054DE-DE6C-41B3-A747-AE80910770F9}
		{812D4862-90F1-43AF-BEBE-9DEC54E27687} = {39D9AF72-2ACB-47AD-A35F-E51ED69C1FFC}
		{34A7002B-27CB-4B42-9794-FFF589359146} = {39D9AF72-2ACB-47AD-A35F-E51ED69C1FFC}
		{238054DE-DE6C-41B3-A747-AE80910770F9} = {57B1091B-0774-4940-9AA6-539A932B68AD}
		{BBBB68F3-D492-49FB-B419-97B9233F4A13} = {57B1091B-0774-4940-9AA6-539A932B68AD}
		{DAE19AEA-6661-4B92-9E72-F7CC4FA213BE} = {238054DE-DE6C-41B3-A747-AE80910770F9}
		{6B7BEBB9-E7BB-4BE8-8CDC-E1F55B75B69C} = {57B1091B-0774-4940-9AA6-539A932B68AD}
		{F51EFE98-4C1C-4D75-A8B9-8BE8E7183446} = {6B7BEBB9-E7BB-4BE8-8CDC-E1F55B75B69C}
		{1B67DF2D-53D8-4DB7-BD31-599825CACC3B} = {6B7BEBB9-E7BB-4BE8-8CDC-E1F55B75B69C}
		{BD01884B-2869-4119-B6E3-096F4044C752} = {238054DE-DE6C-41B3-A747-AE80910770F9}
		{CCEAD645-1BDC-4736-9388-82594B3AD0C8} = {6B7BEBB9-E7BB-4BE8-8CDC-E1F55B75B69C}
		{71B8F345-968F-4454-B4F3-1B60A1A924EB} = {6B7BEBB9-E7BB-4BE8-8CDC-E1F55B75B69C}
		{5BAAB0E7-09D1-441A-88EB-EBCC984513F5} = {F72B2554-5CB0-42F9-B8E1-22653EB26905}
		{FEC628B0-FE26-4C19-ABD7-2445CDFD68A4} = {F72B2554-5CB0-42F9-B8E1-22653EB26905}
		{4243652C-C7EE-4FE8-BD0D-CB27C1F75394} = {F72B2554-5CB0-42F9-B8E1-22653EB26905}
		{F3B9BD15-2BB3-4A53-8374-F166506B5A03} = {F72B2554-5CB0-42F9-B8E1-22653EB26905}
		{280FC180-FF78-4116-BF52-412D3FCC1794} = {F72B2554-5CB0-42F9-B8E1-22653EB26905}
		{26DF1E00-76DC-430C-BE0D-9D59A9467EDB} = {238054DE-DE6C-41B3-A747-AE80910770F9}
		{F417D407-4CC5-4036-9477-5CD49B4F9915} = {9B83BB22-6A4B-4C23-9664-2AD3B1E7FC0F}
	EndGlobalSection
	GlobalSection(ExtensibilityGlobals) = postSolution
		SolutionGuid = {8ACE6E0E-CB38-463D-AB5E-5C797C96D6A9}
	EndGlobalSection
EndGlobal
